// !$*UTF8*$!
{
	archiveVersion = 1;
	classes = {
	};
	objectVersion = 50;
	objects = {

/* Begin PBXBuildFile section */
		443DA160219E8EB900BC4D55 /* MealIngredientsViewController.swift in Sources */ = {isa = PBXBuildFile; fileRef = 443DA15F219E8EB900BC4D55 /* MealIngredientsViewController.swift */; };
		443DA162219E8EC900BC4D55 /* MealStepsViewController.swift in Sources */ = {isa = PBXBuildFile; fileRef = 443DA161219E8EC900BC4D55 /* MealStepsViewController.swift */; };
		44E752002196E4980041273D /* AppDelegate.swift in Sources */ = {isa = PBXBuildFile; fileRef = 44E751FF2196E4980041273D /* AppDelegate.swift */; };
		44E752022196E4980041273D /* ViewController.swift in Sources */ = {isa = PBXBuildFile; fileRef = 44E752012196E4980041273D /* ViewController.swift */; };
		44E752052196E4980041273D /* Main.storyboard in Resources */ = {isa = PBXBuildFile; fileRef = 44E752032196E4980041273D /* Main.storyboard */; };
		44E752072196E4990041273D /* Assets.xcassets in Resources */ = {isa = PBXBuildFile; fileRef = 44E752062196E4990041273D /* Assets.xcassets */; };
		44E7520A2196E4990041273D /* LaunchScreen.storyboard in Resources */ = {isa = PBXBuildFile; fileRef = 44E752082196E4990041273D /* LaunchScreen.storyboard */; };
		44E752122196E6810041273D /* MealTableViewCell.swift in Sources */ = {isa = PBXBuildFile; fileRef = 44E752112196E6810041273D /* MealTableViewCell.swift */; };
		44E7521D2196EED10041273D /* MealTableViewController.swift in Sources */ = {isa = PBXBuildFile; fileRef = 44E7521C2196EED10041273D /* MealTableViewController.swift */; };
		44E752212196FEBD0041273D /* Meal.swift in Sources */ = {isa = PBXBuildFile; fileRef = 44E752202196FEBD0041273D /* Meal.swift */; };
		44E752232197136A0041273D /* MealDetailViewController.swift in Sources */ = {isa = PBXBuildFile; fileRef = 44E752222197136A0041273D /* MealDetailViewController.swift */; };
/* End PBXBuildFile section */

/* Begin PBXFileReference section */
		443DA15F219E8EB900BC4D55 /* MealIngredientsViewController.swift */ = {isa = PBXFileReference; lastKnownFileType = sourcecode.swift; path = MealIngredientsViewController.swift; sourceTree = "<group>"; };
		443DA161219E8EC900BC4D55 /* MealStepsViewController.swift */ = {isa = PBXFileReference; lastKnownFileType = sourcecode.swift; path = MealStepsViewController.swift; sourceTree = "<group>"; };
		44E751FC2196E4980041273D /* Foods.app */ = {isa = PBXFileReference; explicitFileType = wrapper.application; includeInIndex = 0; path = Foods.app; sourceTree = BUILT_PRODUCTS_DIR; };
		44E751FF2196E4980041273D /* AppDelegate.swift */ = {isa = PBXFileReference; lastKnownFileType = sourcecode.swift; path = AppDelegate.swift; sourceTree = "<group>"; };
		44E752012196E4980041273D /* ViewController.swift */ = {isa = PBXFileReference; lastKnownFileType = sourcecode.swift; path = ViewController.swift; sourceTree = "<group>"; };
		44E752042196E4980041273D /* Base */ = {isa = PBXFileReference; lastKnownFileType = file.storyboard; name = Base; path = Base.lproj/Main.storyboard; sourceTree = "<group>"; };
		44E752062196E4990041273D /* Assets.xcassets */ = {isa = PBXFileReference; lastKnownFileType = folder.assetcatalog; path = Assets.xcassets; sourceTree = "<group>"; };
		44E752092196E4990041273D /* Base */ = {isa = PBXFileReference; lastKnownFileType = file.storyboard; name = Base; path = Base.lproj/LaunchScreen.storyboard; sourceTree = "<group>"; };
		44E7520B2196E4990041273D /* Info.plist */ = {isa = PBXFileReference; lastKnownFileType = text.plist.xml; path = Info.plist; sourceTree = "<group>"; };
		44E752112196E6810041273D /* MealTableViewCell.swift */ = {isa = PBXFileReference; lastKnownFileType = sourcecode.swift; path = MealTableViewCell.swift; sourceTree = "<group>"; };
		44E7521C2196EED10041273D /* MealTableViewController.swift */ = {isa = PBXFileReference; lastKnownFileType = sourcecode.swift; path = MealTableViewController.swift; sourceTree = "<group>"; };
		44E752202196FEBD0041273D /* Meal.swift */ = {isa = PBXFileReference; lastKnownFileType = sourcecode.swift; path = Meal.swift; sourceTree = "<group>"; };
		44E752222197136A0041273D /* MealDetailViewController.swift */ = {isa = PBXFileReference; lastKnownFileType = sourcecode.swift; path = MealDetailViewController.swift; sourceTree = "<group>"; };
/* End PBXFileReference section */

/* Begin PBXFrameworksBuildPhase section */
		44E751F92196E4980041273D /* Frameworks */ = {
			isa = PBXFrameworksBuildPhase;
			buildActionMask = 2147483647;
			files = (
			);
			runOnlyForDeploymentPostprocessing = 0;
		};
/* End PBXFrameworksBuildPhase section */

/* Begin PBXGroup section */
		44E751F32196E4980041273D = {
			isa = PBXGroup;
			children = (
				44E751FE2196E4980041273D /* Foods */,
				44E751FD2196E4980041273D /* Products */,
			);
			sourceTree = "<group>";
		};
		44E751FD2196E4980041273D /* Products */ = {
			isa = PBXGroup;
			children = (
				44E751FC2196E4980041273D /* Foods.app */,
			);
			name = Products;
			sourceTree = "<group>";
		};
		44E751FE2196E4980041273D /* Foods */ = {
			isa = PBXGroup;
			children = (
				44E751FF2196E4980041273D /* AppDelegate.swift */,
				44E752012196E4980041273D /* ViewController.swift */,
				44E752032196E4980041273D /* Main.storyboard */,
				44E7521C2196EED10041273D /* MealTableViewController.swift */,
				44E752062196E4990041273D /* Assets.xcassets */,
				44E752082196E4990041273D /* LaunchScreen.storyboard */,
				44E7520B2196E4990041273D /* Info.plist */,
				44E752112196E6810041273D /* MealTableViewCell.swift */,
				44E752202196FEBD0041273D /* Meal.swift */,
				44E752222197136A0041273D /* MealDetailViewController.swift */,
				443DA15F219E8EB900BC4D55 /* MealIngredientsViewController.swift */,
				443DA161219E8EC900BC4D55 /* MealStepsViewController.swift */,
			);
			path = Foods;
			sourceTree = "<group>";
		};
/* End PBXGroup section */

/* Begin PBXNativeTarget section */
		44E751FB2196E4980041273D /* Foods */ = {
			isa = PBXNativeTarget;
			buildConfigurationList = 44E7520E2196E4990041273D /* Build configuration list for PBXNativeTarget "Foods" */;
			buildPhases = (
				44E751F82196E4980041273D /* Sources */,
				44E751F92196E4980041273D /* Frameworks */,
				44E751FA2196E4980041273D /* Resources */,
			);
			buildRules = (
			);
			dependencies = (
			);
			name = Foods;
			productName = Foods;
			productReference = 44E751FC2196E4980041273D /* Foods.app */;
			productType = "com.apple.product-type.application";
		};
/* End PBXNativeTarget section */

/* Begin PBXProject section */
		44E751F42196E4980041273D /* Project object */ = {
			isa = PBXProject;
			attributes = {
				LastSwiftUpdateCheck = 1010;
				LastUpgradeCheck = 1010;
				ORGANIZATIONNAME = "Péter Kulcsár Szabó";
				TargetAttributes = {
					44E751FB2196E4980041273D = {
						CreatedOnToolsVersion = 10.1;
					};
				};
			};
			buildConfigurationList = 44E751F72196E4980041273D /* Build configuration list for PBXProject "Foods" */;
			compatibilityVersion = "Xcode 9.3";
			developmentRegion = en;
			hasScannedForEncodings = 0;
			knownRegions = (
				en,
				Base,
			);
			mainGroup = 44E751F32196E4980041273D;
			productRefGroup = 44E751FD2196E4980041273D /* Products */;
			projectDirPath = "";
			projectRoot = "";
			targets = (
				44E751FB2196E4980041273D /* Foods */,
			);
		};
/* End PBXProject section */

/* Begin PBXResourcesBuildPhase section */
		44E751FA2196E4980041273D /* Resources */ = {
			isa = PBXResourcesBuildPhase;
			buildActionMask = 2147483647;
			files = (
				44E7520A2196E4990041273D /* LaunchScreen.storyboard in Resources */,
				44E752072196E4990041273D /* Assets.xcassets in Resources */,
				44E752052196E4980041273D /* Main.storyboard in Resources */,
			);
			runOnlyForDeploymentPostprocessing = 0;
		};
/* End PBXResourcesBuildPhase section */

/* Begin PBXSourcesBuildPhase section */
		44E751F82196E4980041273D /* Sources */ = {
			isa = PBXSourcesBuildPhase;
			buildActionMask = 2147483647;
			files = (
				44E752212196FEBD0041273D /* Meal.swift in Sources */,
				44E752022196E4980041273D /* ViewController.swift in Sources */,
				443DA160219E8EB900BC4D55 /* MealIngredientsViewController.swift in Sources */,
				44E752232197136A0041273D /* MealDetailViewController.swift in Sources */,
				44E752002196E4980041273D /* AppDelegate.swift in Sources */,
				443DA162219E8EC900BC4D55 /* MealStepsViewController.swift in Sources */,
				44E7521D2196EED10041273D /* MealTableViewController.swift in Sources */,
				44E752122196E6810041273D /* MealTableViewCell.swift in Sources */,
			);
			runOnlyForDeploymentPostprocessing = 0;
		};
/* End PBXSourcesBuildPhase section */

/* Begin PBXVariantGroup section */
		44E752032196E4980041273D /* Main.storyboard */ = {
			isa = PBXVariantGroup;
			children = (
				44E752042196E4980041273D /* Base */,
			);
			name = Main.storyboard;
			sourceTree = "<group>";
		};
		44E752082196E4990041273D /* LaunchScreen.storyboard */ = {
			isa = PBXVariantGroup;
			children = (
				44E752092196E4990041273D /* Base */,
			);
			name = LaunchScreen.storyboard;
			sourceTree = "<group>";
		};
/* End PBXVariantGroup section */

/* Begin XCBuildConfiguration section */
		44E7520C2196E4990041273D /* Debug */ = {
			isa = XCBuildConfiguration;
			buildSettings = {
				ALWAYS_SEARCH_USER_PATHS = NO;
				CLANG_ANALYZER_NONNULL = YES;
				CLANG_ANALYZER_NUMBER_OBJECT_CONVERSION = YES_AGGRESSIVE;
				CLANG_CXX_LANGUAGE_STANDARD = "gnu++14";
				CLANG_CXX_LIBRARY = "libc++";
				CLANG_ENABLE_MODULES = YES;
				CLANG_ENABLE_OBJC_ARC = YES;
				CLANG_ENABLE_OBJC_WEAK = YES;
				CLANG_WARN_BLOCK_CAPTURE_AUTORELEASING = YES;
				CLANG_WARN_BOOL_CONVERSION = YES;
				CLANG_WARN_COMMA = YES;
				CLANG_WARN_CONSTANT_CONVERSION = YES;
				CLANG_WARN_DEPRECATED_OBJC_IMPLEMENTATIONS = YES;
				CLANG_WARN_DIRECT_OBJC_ISA_USAGE = YES_ERROR;
				CLANG_WARN_DOCUMENTATION_COMMENTS = YES;
				CLANG_WARN_EMPTY_BODY = YES;
				CLANG_WARN_ENUM_CONVERSION = YES;
				CLANG_WARN_INFINITE_RECURSION = YES;
				CLANG_WARN_INT_CONVERSION = YES;
				CLANG_WARN_NON_LITERAL_NULL_CONVERSION = YES;
				CLANG_WARN_OBJC_IMPLICIT_RETAIN_SELF = YES;
				CLANG_WARN_OBJC_LITERAL_CONVERSION = YES;
				CLANG_WARN_OBJC_ROOT_CLASS = YES_ERROR;
				CLANG_WARN_RANGE_LOOP_ANALYSIS = YES;
				CLANG_WARN_STRICT_PROTOTYPES = YES;
				CLANG_WARN_SUSPICIOUS_MOVE = YES;
				CLANG_WARN_UNGUARDED_AVAILABILITY = YES_AGGRESSIVE;
				CLANG_WARN_UNREACHABLE_CODE = YES;
				CLANG_WARN__DUPLICATE_METHOD_MATCH = YES;
				CODE_SIGN_IDENTITY = "iPhone Developer";
				COPY_PHASE_STRIP = NO;
				DEBUG_INFORMATION_FORMAT = dwarf;
				ENABLE_STRICT_OBJC_MSGSEND = YES;
				ENABLE_TESTABILITY = YES;
				GCC_C_LANGUAGE_STANDARD = gnu11;
				GCC_DYNAMIC_NO_PIC = NO;
				GCC_NO_COMMON_BLOCKS = YES;
				GCC_OPTIMIZATION_LEVEL = 0;
				GCC_PREPROCESSOR_DEFINITIONS = (
					"DEBUG=1",
					"$(inherited)",
				);
				GCC_WARN_64_TO_32_BIT_CONVERSION = YES;
				GCC_WARN_ABOUT_RETURN_TYPE = YES_ERROR;
				GCC_WARN_UNDECLARED_SELECTOR = YES;
				GCC_WARN_UNINITIALIZED_AUTOS = YES_AGGRESSIVE;
				GCC_WARN_UNUSED_FUNCTION = YES;
				GCC_WARN_UNUSED_VARIABLE = YES;
				IPHONEOS_DEPLOYMENT_TARGET = 12.1;
				MTL_ENABLE_DEBUG_INFO = INCLUDE_SOURCE;
				MTL_FAST_MATH = YES;
				ONLY_ACTIVE_ARCH = YES;
				SDKROOT = iphoneos;
				SWIFT_ACTIVE_COMPILATION_CONDITIONS = DEBUG;
				SWIFT_OPTIMIZATION_LEVEL = "-Onone";
			};
			name = Debug;
		};
		44E7520D2196E4990041273D /* Release */ = {
			isa = XCBuildConfiguration;
			buildSettings = {
				ALWAYS_SEARCH_USER_PATHS = NO;
				CLANG_ANALYZER_NONNULL = YES;
				CLANG_ANALYZER_NUMBER_OBJECT_CONVERSION = YES_AGGRESSIVE;
				CLANG_CXX_LANGUAGE_STANDARD = "gnu++14";
				CLANG_CXX_LIBRARY = "libc++";
				CLANG_ENABLE_MODULES = YES;
				CLANG_ENABLE_OBJC_ARC = YES;
				CLANG_ENABLE_OBJC_WEAK = YES;
				CLANG_WARN_BLOCK_CAPTURE_AUTORELEASING = YES;
				CLANG_WARN_BOOL_CONVERSION = YES;
				CLANG_WARN_COMMA = YES;
				CLANG_WARN_CONSTANT_CONVERSION = YES;
				CLANG_WARN_DEPRECATED_OBJC_IMPLEMENTATIONS = YES;
				CLANG_WARN_DIRECT_OBJC_ISA_USAGE = YES_ERROR;
				CLANG_WARN_DOCUMENTATION_COMMENTS = YES;
				CLANG_WARN_EMPTY_BODY = YES;
				CLANG_WARN_ENUM_CONVERSION = YES;
				CLANG_WARN_INFINITE_RECURSION = YES;
				CLANG_WARN_INT_CONVERSION = YES;
				CLANG_WARN_NON_LITERAL_NULL_CONVERSION = YES;
				CLANG_WARN_OBJC_IMPLICIT_RETAIN_SELF = YES;
				CLANG_WARN_OBJC_LITERAL_CONVERSION = YES;
				CLANG_WARN_OBJC_ROOT_CLASS = YES_ERROR;
				CLANG_WARN_RANGE_LOOP_ANALYSIS = YES;
				CLANG_WARN_STRICT_PROTOTYPES = YES;
				CLANG_WARN_SUSPICIOUS_MOVE = YES;
				CLANG_WARN_UNGUARDED_AVAILABILITY = YES_AGGRESSIVE;
				CLANG_WARN_UNREACHABLE_CODE = YES;
				CLANG_WARN__DUPLICATE_METHOD_MATCH = YES;
				CODE_SIGN_IDENTITY = "iPhone Developer";
				COPY_PHASE_STRIP = NO;
				DEBUG_INFORMATION_FORMAT = "dwarf-with-dsym";
				ENABLE_NS_ASSERTIONS = NO;
				ENABLE_STRICT_OBJC_MSGSEND = YES;
				GCC_C_LANGUAGE_STANDARD = gnu11;
				GCC_NO_COMMON_BLOCKS = YES;
				GCC_WARN_64_TO_32_BIT_CONVERSION = YES;
				GCC_WARN_ABOUT_RETURN_TYPE = YES_ERROR;
				GCC_WARN_UNDECLARED_SELECTOR = YES;
				GCC_WARN_UNINITIALIZED_AUTOS = YES_AGGRESSIVE;
				GCC_WARN_UNUSED_FUNCTION = YES;
				GCC_WARN_UNUSED_VARIABLE = YES;
				IPHONEOS_DEPLOYMENT_TARGET = 12.1;
				MTL_ENABLE_DEBUG_INFO = NO;
				MTL_FAST_MATH = YES;
				SDKROOT = iphoneos;
				SWIFT_COMPILATION_MODE = wholemodule;
				SWIFT_OPTIMIZATION_LEVEL = "-O";
				VALIDATE_PRODUCT = YES;
			};
			name = Release;
		};
		44E7520F2196E4990041273D /* Debug */ = {
			isa = XCBuildConfiguration;
			buildSettings = {
				ASSETCATALOG_COMPILER_APPICON_NAME = AppIcon;
				CODE_SIGN_STYLE = Automatic;
				DEVELOPMENT_TEAM = 88U822ZU9R;
				INFOPLIST_FILE = Foods/Info.plist;
				LD_RUNPATH_SEARCH_PATHS = (
					"$(inherited)",
					"@executable_path/Frameworks",
				);
				PRODUCT_BUNDLE_IDENTIFIER = com.example.Foods;
				PRODUCT_NAME = "$(TARGET_NAME)";
				SWIFT_VERSION = 4.2;
				TARGETED_DEVICE_FAMILY = "1,2";
			};
			name = Debug;
		};
		44E752102196E4990041273D /* Release */ = {
			isa = XCBuildConfiguration;
			buildSettings = {
				ASSETCATALOG_COMPILER_APPICON_NAME = AppIcon;
				CODE_SIGN_STYLE = Automatic;
				DEVELOPMENT_TEAM = 88U822ZU9R;
				INFOPLIST_FILE = Foods/Info.plist;
				LD_RUNPATH_SEARCH_PATHS = (
					"$(inherited)",
					"@executable_path/Frameworks",
				);
				PRODUCT_BUNDLE_IDENTIFIER = com.example.Foods;
				PRODUCT_NAME = "$(TARGET_NAME)";
				SWIFT_VERSION = 4.2;
				TARGETED_DEVICE_FAMILY = "1,2";
			};
			name = Release;
		};
/* End XCBuildConfiguration section */

/* Begin XCConfigurationList section */
		44E751F72196E4980041273D /* Build configuration list for PBXProject "Foods" */ = {
			isa = XCConfigurationList;
			buildConfigurations = (
				44E7520C2196E4990041273D /* Debug */,
				44E7520D2196E4990041273D /* Release */,
			);
			defaultConfigurationIsVisible = 0;
			defaultConfigurationName = Release;
		};
		44E7520E2196E4990041273D /* Build configuration list for PBXNativeTarget "Foods" */ = {
			isa = XCConfigurationList;
			buildConfigurations = (
				44E7520F2196E4990041273D /* Debug */,
				44E752102196E4990041273D /* Release */,
			);
			defaultConfigurationIsVisible = 0;
			defaultConfigurationName = Release;
		};
/* End XCConfigurationList section */
	};
	rootObject = 44E751F42196E4980041273D /* Project object */;
}
